<Solution>
    <Folder Name="/Solution Items/">
        <File Path=".editorconfig" />
        <File Path=".gitattributes" />
        <File Path=".gitignore" />
        <File Path="CHANGELOG.md" />
        <File Path="Directory.Build.props" />
        <File Path="global.json" />
        <File Path="LICENSE" />
        <File Path="README.md" />
        <File Path="SECURITY.md" />
    </Folder>
    <Folder Name="/Solution Items/.github/">
        <File Path=".github/dependabot.yml" />
    </Folder>
    <Folder Name="/Solution Items/.github/scripts/">
        <File Path=".github/scripts/check-coverage.py" />
        <File Path=".github/scripts/start-throwaway-wiki.sh" />
    </Folder>
    <Folder Name="/Solution Items/.github/workflows/">
        <File Path=".github/workflows/ci.yml" />
        <File Path=".github/workflows/release.yml" />
    </Folder>
    <Project Path="TimBearCity.MediaWiki/TimBearCity.MediaWiki.csproj" />
    <Project Path="TimBearCity.MediaWiki.Tests/TimBearCity.MediaWiki.Tests.csproj" />
</Solution>
